// !$*UTF8*$!
{
	archiveVersion = 1;
	classes = {
	};
	objectVersion = 56;
	objects = {

/* Begin PBXBuildFile section */
		F2069F332B3C57C500973656 /* AppDelegate.swift in Sources */ = {isa = PBXBuildFile; fileRef = F2069F322B3C57C500973656 /* AppDelegate.swift */; };
		F2069F352B3C57C500973656 /* SceneDelegate.swift in Sources */ = {isa = PBXBuildFile; fileRef = F2069F342B3C57C500973656 /* SceneDelegate.swift */; };
		F2069F3A2B3C57C500973656 /* Main.storyboard in Resources */ = {isa = PBXBuildFile; fileRef = F2069F382B3C57C500973656 /* Main.storyboard */; };
		F2069F3C2B3C57C700973656 /* Assets.xcassets in Resources */ = {isa = PBXBuildFile; fileRef = F2069F3B2B3C57C700973656 /* Assets.xcassets */; };
		F2069F3F2B3C57C700973656 /* LaunchScreen.storyboard in Resources */ = {isa = PBXBuildFile; fileRef = F2069F3D2B3C57C700973656 /* LaunchScreen.storyboard */; };
		F2069F4A2B3C57C700973656 /* randomColorsTests.swift in Sources */ = {isa = PBXBuildFile; fileRef = F2069F492B3C57C700973656 /* randomColorsTests.swift */; };
		F2069F542B3C57C700973656 /* randomColorsUITests.swift in Sources */ = {isa = PBXBuildFile; fileRef = F2069F532B3C57C700973656 /* randomColorsUITests.swift */; };
		F2069F562B3C57C700973656 /* randomColorsUITestsLaunchTests.swift in Sources */ = {isa = PBXBuildFile; fileRef = F2069F552B3C57C700973656 /* randomColorsUITestsLaunchTests.swift */; };
		F2069F652B3C596800973656 /* colorsTableVC.swift in Sources */ = {isa = PBXBuildFile; fileRef = F2069F642B3C596800973656 /* colorsTableVC.swift */; };
		F2069F672B3C5C9E00973656 /* colorDetailsVC.swift in Sources */ = {isa = PBXBuildFile; fileRef = F2069F662B3C5C9E00973656 /* colorDetailsVC.swift */; };
		F2069F692B3CA21E00973656 /* UIColor+Ext.swift in Sources */ = {isa = PBXBuildFile; fileRef = F2069F682B3CA21E00973656 /* UIColor+Ext.swift */; };
/* End PBXBuildFile section */

/* Begin PBXContainerItemProxy section */
		F2069F462B3C57C700973656 /* PBXContainerItemProxy */ = {
			isa = PBXContainerItemProxy;
			containerPortal = F2069F272B3C57C500973656 /* Project object */;
			proxyType = 1;
			remoteGlobalIDString = F2069F2E2B3C57C500973656;
			remoteInfo = randomColors;
		};
		F2069F502B3C57C700973656 /* PBXContainerItemProxy */ = {
			isa = PBXContainerItemProxy;
			containerPortal = F2069F272B3C57C500973656 /* Project object */;
			proxyType = 1;
			remoteGlobalIDString = F2069F2E2B3C57C500973656;
			remoteInfo = randomColors;
		};
/* End PBXContainerItemProxy section */

/* Begin PBXFileReference section */
		F2069F2F2B3C57C500973656 /* randomColors.app */ = {isa = PBXFileReference; explicitFileType = wrapper.application; includeInIndex = 0; path = randomColors.app; sourceTree = BUILT_PRODUCTS_DIR; };
		F2069F322B3C57C500973656 /* AppDelegate.swift */ = {isa = PBXFileReference; lastKnownFileType = sourcecode.swift; path = AppDelegate.swift; sourceTree = "<group>"; };
		F2069F342B3C57C500973656 /* SceneDelegate.swift */ = {isa = PBXFileReference; lastKnownFileType = sourcecode.swift; path = SceneDelegate.swift; sourceTree = "<group>"; };
		F2069F392B3C57C500973656 /* Base */ = {isa = PBXFileReference; lastKnownFileType = file.storyboard; name = Base; path = Base.lproj/Main.storyboard; sourceTree = "<group>"; };
		F2069F3B2B3C57C700973656 /* Assets.xcassets */ = {isa = PBXFileReference; lastKnownFileType = folder.assetcatalog; path = Assets.xcassets; sourceTree = "<group>"; };
		F2069F3E2B3C57C700973656 /* Base */ = {isa = PBXFileReference; lastKnownFileType = file.storyboard; name = Base; path = Base.lproj/LaunchScreen.storyboard; sourceTree = "<group>"; };
		F2069F402B3C57C700973656 /* Info.plist */ = {isa = PBXFileReference; lastKnownFileType = text.plist.xml; path = Info.plist; sourceTree = "<group>"; };
		F2069F452B3C57C700973656 /* randomColorsTests.xctest */ = {isa = PBXFileReference; explicitFileType = wrapper.cfbundle; includeInIndex = 0; path = randomColorsTests.xctest; sourceTree = BUILT_PRODUCTS_DIR; };
		F2069F492B3C57C700973656 /* randomColorsTests.swift */ = {isa = PBXFileReference; lastKnownFileType = sourcecode.swift; path = randomColorsTests.swift; sourceTree = "<group>"; };
		F2069F4F2B3C57C700973656 /* randomColorsUITests.xctest */ = {isa = PBXFileReference; explicitFileType = wrapper.cfbundle; includeInIndex = 0; path = randomColorsUITests.xctest; sourceTree = BUILT_PRODUCTS_DIR; };
		F2069F532B3C57C700973656 /* randomColorsUITests.swift */ = {isa = PBXFileReference; lastKnownFileType = sourcecode.swift; path = randomColorsUITests.swift; sourceTree = "<group>"; };
		F2069F552B3C57C700973656 /* randomColorsUITestsLaunchTests.swift */ = {isa = PBXFileReference; lastKnownFileType = sourcecode.swift; path = randomColorsUITestsLaunchTests.swift; sourceTree = "<group>"; };
		F2069F642B3C596800973656 /* colorsTableVC.swift */ = {isa = PBXFileReference; lastKnownFileType = sourcecode.swift; path = colorsTableVC.swift; sourceTree = "<group>"; };
		F2069F662B3C5C9E00973656 /* colorDetailsVC.swift */ = {isa = PBXFileReference; lastKnownFileType = sourcecode.swift; path = colorDetailsVC.swift; sourceTree = "<group>"; };
		F2069F682B3CA21E00973656 /* UIColor+Ext.swift */ = {isa = PBXFileReference; lastKnownFileType = sourcecode.swift; path = "UIColor+Ext.swift"; sourceTree = "<group>"; };
/* End PBXFileReference section */

/* Begin PBXFrameworksBuildPhase section */
		F2069F2C2B3C57C500973656 /* Frameworks */ = {
			isa = PBXFrameworksBuildPhase;
			buildActionMask = 2147483647;
			files = (
			);
			runOnlyForDeploymentPostprocessing = 0;
		};
		F2069F422B3C57C700973656 /* Frameworks */ = {
			isa = PBXFrameworksBuildPhase;
			buildActionMask = 2147483647;
			files = (
			);
			runOnlyForDeploymentPostprocessing = 0;
		};
		F2069F4C2B3C57C700973656 /* Frameworks */ = {
			isa = PBXFrameworksBuildPhase;
			buildActionMask = 2147483647;
			files = (
			);
			runOnlyForDeploymentPostprocessing = 0;
		};
/* End PBXFrameworksBuildPhase section */

/* Begin PBXGroup section */
		F2069F262B3C57C500973656 = {
			isa = PBXGroup;
			children = (
				F2069F312B3C57C500973656 /* randomColors */,
				F2069F482B3C57C700973656 /* randomColorsTests */,
				F2069F522B3C57C700973656 /* randomColorsUITests */,
				F2069F302B3C57C500973656 /* Products */,
			);
			sourceTree = "<group>";
		};
		F2069F302B3C57C500973656 /* Products */ = {
			isa = PBXGroup;
			children = (
				F2069F2F2B3C57C500973656 /* randomColors.app */,
				F2069F452B3C57C700973656 /* randomColorsTests.xctest */,
				F2069F4F2B3C57C700973656 /* randomColorsUITests.xctest */,
			);
			name = Products;
			sourceTree = "<group>";
		};
		F2069F312B3C57C500973656 /* randomColors */ = {
			isa = PBXGroup;
			children = (
				F2069F322B3C57C500973656 /* AppDelegate.swift */,
				F2069F342B3C57C500973656 /* SceneDelegate.swift */,
				F2069F382B3C57C500973656 /* Main.storyboard */,
				F2069F642B3C596800973656 /* colorsTableVC.swift */,
				F2069F3B2B3C57C700973656 /* Assets.xcassets */,
				F2069F3D2B3C57C700973656 /* LaunchScreen.storyboard */,
				F2069F402B3C57C700973656 /* Info.plist */,
				F2069F662B3C5C9E00973656 /* colorDetailsVC.swift */,
				F2069F682B3CA21E00973656 /* UIColor+Ext.swift */,
			);
			path = randomColors;
			sourceTree = "<group>";
		};
		F2069F482B3C57C700973656 /* randomColorsTests */ = {
			isa = PBXGroup;
			children = (
				F2069F492B3C57C700973656 /* randomColorsTests.swift */,
			);
			path = randomColorsTests;
			sourceTree = "<group>";
		};
		F2069F522B3C57C700973656 /* randomColorsUITests */ = {
			isa = PBXGroup;
			children = (
				F2069F532B3C57C700973656 /* randomColorsUITests.swift */,
				F2069F552B3C57C700973656 /* randomColorsUITestsLaunchTests.swift */,
			);
			path = randomColorsUITests;
			sourceTree = "<group>";
		};
/* End PBXGroup section */

/* Begin PBXNativeTarget section */
		F2069F2E2B3C57C500973656 /* randomColors */ = {
			isa = PBXNativeTarget;
			buildConfigurationList = F2069F592B3C57C700973656 /* Build configuration list for PBXNativeTarget "randomColors" */;
			buildPhases = (
				F2069F2B2B3C57C500973656 /* Sources */,
				F2069F2C2B3C57C500973656 /* Frameworks */,
				F2069F2D2B3C57C500973656 /* Resources */,
			);
			buildRules = (
			);
			dependencies = (
			);
			name = randomColors;
			productName = randomColors;
			productReference = F2069F2F2B3C57C500973656 /* randomColors.app */;
			productType = "com.apple.product-type.application";
		};
		F2069F442B3C57C700973656 /* randomColorsTests */ = {
			isa = PBXNativeTarget;
			buildConfigurationList = F2069F5C2B3C57C700973656 /* Build configuration list for PBXNativeTarget "randomColorsTests" */;
			buildPhases = (
				F2069F412B3C57C700973656 /* Sources */,
				F2069F422B3C57C700973656 /* Frameworks */,
				F2069F432B3C57C700973656 /* Resources */,
			);
			buildRules = (
			);
			dependencies = (
				F2069F472B3C57C700973656 /* PBXTargetDependency */,
			);
			name = randomColorsTests;
			productName = randomColorsTests;
			productReference = F2069F452B3C57C700973656 /* randomColorsTests.xctest */;
			productType = "com.apple.product-type.bundle.unit-test";
		};
		F2069F4E2B3C57C700973656 /* randomColorsUITests */ = {
			isa = PBXNativeTarget;
			buildConfigurationList = F2069F5F2B3C57C700973656 /* Build configuration list for PBXNativeTarget "randomColorsUITests" */;
			buildPhases = (
				F2069F4B2B3C57C700973656 /* Sources */,
				F2069F4C2B3C57C700973656 /* Frameworks */,
				F2069F4D2B3C57C700973656 /* Resources */,
			);
			buildRules = (
			);
			dependencies = (
				F2069F512B3C57C700973656 /* PBXTargetDependency */,
			);
			name = randomColorsUITests;
			productName = randomColorsUITests;
			productReference = F2069F4F2B3C57C700973656 /* randomColorsUITests.xctest */;
			productType = "com.apple.product-type.bundle.ui-testing";
		};
/* End PBXNativeTarget section */

/* Begin PBXProject section */
		F2069F272B3C57C500973656 /* Project object */ = {
			isa = PBXProject;
			attributes = {
				BuildIndependentTargetsInParallel = 1;
				LastSwiftUpdateCheck = 1500;
				LastUpgradeCheck = 1500;
				TargetAttributes = {
					F2069F2E2B3C57C500973656 = {
						CreatedOnToolsVersion = 15.0.1;
					};
					F2069F442B3C57C700973656 = {
						CreatedOnToolsVersion = 15.0.1;
						TestTargetID = F2069F2E2B3C57C500973656;
					};
					F2069F4E2B3C57C700973656 = {
						CreatedOnToolsVersion = 15.0.1;
						TestTargetID = F2069F2E2B3C57C500973656;
					};
				};
			};
			buildConfigurationList = F2069F2A2B3C57C500973656 /* Build configuration list for PBXProject "randomColors" */;
			compatibilityVersion = "Xcode 14.0";
			developmentRegion = en;
			hasScannedForEncodings = 0;
			knownRegions = (
				en,
				Base,
			);
			mainGroup = F2069F262B3C57C500973656;
			productRefGroup = F2069F302B3C57C500973656 /* Products */;
			projectDirPath = "";
			projectRoot = "";
			targets = (
				F2069F2E2B3C57C500973656 /* randomColors */,
				F2069F442B3C57C700973656 /* randomColorsTests */,
				F2069F4E2B3C57C700973656 /* randomColorsUITests */,
			);
		};
/* End PBXProject section */

/* Begin PBXResourcesBuildPhase section */
		F2069F2D2B3C57C500973656 /* Resources */ = {
			isa = PBXResourcesBuildPhase;
			buildActionMask = 2147483647;
			files = (
				F2069F3F2B3C57C700973656 /* LaunchScreen.storyboard in Resources */,
				F2069F3C2B3C57C700973656 /* Assets.xcassets in Resources */,
				F2069F3A2B3C57C500973656 /* Main.storyboard in Resources */,
			);
			runOnlyForDeploymentPostprocessing = 0;
		};
		F2069F432B3C57C700973656 /* Resources */ = {
			isa = PBXResourcesBuildPhase;
			buildActionMask = 2147483647;
			files = (
			);
			runOnlyForDeploymentPostprocessing = 0;
		};
		F2069F4D2B3C57C700973656 /* Resources */ = {
			isa = PBXResourcesBuildPhase;
			buildActionMask = 2147483647;
			files = (
			);
			runOnlyForDeploymentPostprocessing = 0;
		};
/* End PBXResourcesBuildPhase section */

/* Begin PBXSourcesBuildPhase section */
		F2069F2B2B3C57C500973656 /* Sources */ = {
			isa = PBXSourcesBuildPhase;
			buildActionMask = 2147483647;
			files = (
				F2069F332B3C57C500973656 /* AppDelegate.swift in Sources */,
				F2069F672B3C5C9E00973656 /* colorDetailsVC.swift in Sources */,
				F2069F692B3CA21E00973656 /* UIColor+Ext.swift in Sources */,
				F2069F652B3C596800973656 /* colorsTableVC.swift in Sources */,
				F2069F352B3C57C500973656 /* SceneDelegate.swift in Sources */,
			);
			runOnlyForDeploymentPostprocessing = 0;
		};
		F2069F412B3C57C700973656 /* Sources */ = {
			isa = PBXSourcesBuildPhase;
			buildActionMask = 2147483647;
			files = (
				F2069F4A2B3C57C700973656 /* randomColorsTests.swift in Sources */,
			);
			runOnlyForDeploymentPostprocessing = 0;
		};
		F2069F4B2B3C57C700973656 /* Sources */ = {
			isa = PBXSourcesBuildPhase;
			buildActionMask = 2147483647;
			files = (
				F2069F542B3C57C700973656 /* randomColorsUITests.swift in Sources */,
				F2069F562B3C57C700973656 /* randomColorsUITestsLaunchTests.swift in Sources */,
			);
			runOnlyForDeploymentPostprocessing = 0;
		};
/* End PBXSourcesBuildPhase section */

/* Begin PBXTargetDependency section */
		F2069F472B3C57C700973656 /* PBXTargetDependency */ = {
			isa = PBXTargetDependency;
			target = F2069F2E2B3C57C500973656 /* randomColors */;
			targetProxy = F2069F462B3C57C700973656 /* PBXContainerItemProxy */;
		};
		F2069F512B3C57C700973656 /* PBXTargetDependency */ = {
			isa = PBXTargetDependency;
			target = F2069F2E2B3C57C500973656 /* randomColors */;
			targetProxy = F2069F502B3C57C700973656 /* PBXContainerItemProxy */;
		};
/* End PBXTargetDependency section */

/* Begin PBXVariantGroup section */
		F2069F382B3C57C500973656 /* Main.storyboard */ = {
			isa = PBXVariantGroup;
			children = (
				F2069F392B3C57C500973656 /* Base */,
			);
			name = Main.storyboard;
			sourceTree = "<group>";
		};
		F2069F3D2B3C57C700973656 /* LaunchScreen.storyboard */ = {
			isa = PBXVariantGroup;
			children = (
				F2069F3E2B3C57C700973656 /* Base */,
			);
			name = LaunchScreen.storyboard;
			sourceTree = "<group>";
		};
/* End PBXVariantGroup section */

/* Begin XCBuildConfiguration section */
		F2069F572B3C57C700973656 /* Debug */ = {
			isa = XCBuildConfiguration;
			buildSettings = {
				ALWAYS_SEARCH_USER_PATHS = NO;
				ASSETCATALOG_COMPILER_GENERATE_SWIFT_ASSET_SYMBOL_EXTENSIONS = YES;
				CLANG_ANALYZER_NONNULL = YES;
				CLANG_ANALYZER_NUMBER_OBJECT_CONVERSION = YES_AGGRESSIVE;
				CLANG_CXX_LANGUAGE_STANDARD = "gnu++20";
				CLANG_ENABLE_MODULES = YES;
				CLANG_ENABLE_OBJC_ARC = YES;
				CLANG_ENABLE_OBJC_WEAK = YES;
				CLANG_WARN_BLOCK_CAPTURE_AUTORELEASING = YES;
				CLANG_WARN_BOOL_CONVERSION = YES;
				CLANG_WARN_COMMA = YES;
				CLANG_WARN_CONSTANT_CONVERSION = YES;
				CLANG_WARN_DEPRECATED_OBJC_IMPLEMENTATIONS = YES;
				CLANG_WARN_DIRECT_OBJC_ISA_USAGE = YES_ERROR;
				CLANG_WARN_DOCUMENTATION_COMMENTS = YES;
				CLANG_WARN_EMPTY_BODY = YES;
				CLANG_WARN_ENUM_CONVERSION = YES;
				CLANG_WARN_INFINITE_RECURSION = YES;
				CLANG_WARN_INT_CONVERSION = YES;
				CLANG_WARN_NON_LITERAL_NULL_CONVERSION = YES;
				CLANG_WARN_OBJC_IMPLICIT_RETAIN_SELF = YES;
				CLANG_WARN_OBJC_LITERAL_CONVERSION = YES;
				CLANG_WARN_OBJC_ROOT_CLASS = YES_ERROR;
				CLANG_WARN_QUOTED_INCLUDE_IN_FRAMEWORK_HEADER = YES;
				CLANG_WARN_RANGE_LOOP_ANALYSIS = YES;
				CLANG_WARN_STRICT_PROTOTYPES = YES;
				CLANG_WARN_SUSPICIOUS_MOVE = YES;
				CLANG_WARN_UNGUARDED_AVAILABILITY = YES_AGGRESSIVE;
				CLANG_WARN_UNREACHABLE_CODE = YES;
				CLANG_WARN__DUPLICATE_METHOD_MATCH = YES;
				COPY_PHASE_STRIP = NO;
				DEBUG_INFORMATION_FORMAT = dwarf;
				ENABLE_STRICT_OBJC_MSGSEND = YES;
				ENABLE_TESTABILITY = YES;
				ENABLE_USER_SCRIPT_SANDBOXING = YES;
				GCC_C_LANGUAGE_STANDARD = gnu17;
				GCC_DYNAMIC_NO_PIC = NO;
				GCC_NO_COMMON_BLOCKS = YES;
				GCC_OPTIMIZATION_LEVEL = 0;
				GCC_PREPROCESSOR_DEFINITIONS = (
					"DEBUG=1",
					"$(inherited)",
				);
				GCC_WARN_64_TO_32_BIT_CONVERSION = YES;
				GCC_WARN_ABOUT_RETURN_TYPE = YES_ERROR;
				GCC_WARN_UNDECLARED_SELECTOR = YES;
				GCC_WARN_UNINITIALIZED_AUTOS = YES_AGGRESSIVE;
				GCC_WARN_UNUSED_FUNCTION = YES;
				GCC_WARN_UNUSED_VARIABLE = YES;
				IPHONEOS_DEPLOYMENT_TARGET = 17.0;
				LOCALIZATION_PREFERS_STRING_CATALOGS = YES;
				MTL_ENABLE_DEBUG_INFO = INCLUDE_SOURCE;
				MTL_FAST_MATH = YES;
				ONLY_ACTIVE_ARCH = YES;
				SDKROOT = iphoneos;
				SWIFT_ACTIVE_COMPILATION_CONDITIONS = "DEBUG $(inherited)";
				SWIFT_OPTIMIZATION_LEVEL = "-Onone";
			};
			name = Debug;
		};
		F2069F582B3C57C700973656 /* Release */ = {
			isa = XCBuildConfiguration;
			buildSettings = {
				ALWAYS_SEARCH_USER_PATHS = NO;
				ASSETCATALOG_COMPILER_GENERATE_SWIFT_ASSET_SYMBOL_EXTENSIONS = YES;
				CLANG_ANALYZER_NONNULL = YES;
				CLANG_ANALYZER_NUMBER_OBJECT_CONVERSION = YES_AGGRESSIVE;
				CLANG_CXX_LANGUAGE_STANDARD = "gnu++20";
				CLANG_ENABLE_MODULES = YES;
				CLANG_ENABLE_OBJC_ARC = YES;
				CLANG_ENABLE_OBJC_WEAK = YES;
				CLANG_WARN_BLOCK_CAPTURE_AUTORELEASING = YES;
				CLANG_WARN_BOOL_CONVERSION = YES;
				CLANG_WARN_COMMA = YES;
				CLANG_WARN_CONSTANT_CONVERSION = YES;
				CLANG_WARN_DEPRECATED_OBJC_IMPLEMENTATIONS = YES;
				CLANG_WARN_DIRECT_OBJC_ISA_USAGE = YES_ERROR;
				CLANG_WARN_DOCUMENTATION_COMMENTS = YES;
				CLANG_WARN_EMPTY_BODY = YES;
				CLANG_WARN_ENUM_CONVERSION = YES;
				CLANG_WARN_INFINITE_RECURSION = YES;
				CLANG_WARN_INT_CONVERSION = YES;
				CLANG_WARN_NON_LITERAL_NULL_CONVERSION = YES;
				CLANG_WARN_OBJC_IMPLICIT_RETAIN_SELF = YES;
				CLANG_WARN_OBJC_LITERAL_CONVERSION = YES;
				CLANG_WARN_OBJC_ROOT_CLASS = YES_ERROR;
				CLANG_WARN_QUOTED_INCLUDE_IN_FRAMEWORK_HEADER = YES;
				CLANG_WARN_RANGE_LOOP_ANALYSIS = YES;
				CLANG_WARN_STRICT_PROTOTYPES = YES;
				CLANG_WARN_SUSPICIOUS_MOVE = YES;
				CLANG_WARN_UNGUARDED_AVAILABILITY = YES_AGGRESSIVE;
				CLANG_WARN_UNREACHABLE_CODE = YES;
				CLANG_WARN__DUPLICATE_METHOD_MATCH = YES;
				COPY_PHASE_STRIP = NO;
				DEBUG_INFORMATION_FORMAT = "dwarf-with-dsym";
				ENABLE_NS_ASSERTIONS = NO;
				ENABLE_STRICT_OBJC_MSGSEND = YES;
				ENABLE_USER_SCRIPT_SANDBOXING = YES;
				GCC_C_LANGUAGE_STANDARD = gnu17;
				GCC_NO_COMMON_BLOCKS = YES;
				GCC_WARN_64_TO_32_BIT_CONVERSION = YES;
				GCC_WARN_ABOUT_RETURN_TYPE = YES_ERROR;
				GCC_WARN_UNDECLARED_SELECTOR = YES;
				GCC_WARN_UNINITIALIZED_AUTOS = YES_AGGRESSIVE;
				GCC_WARN_UNUSED_FUNCTION = YES;
				GCC_WARN_UNUSED_VARIABLE = YES;
				IPHONEOS_DEPLOYMENT_TARGET = 17.0;
				LOCALIZATION_PREFERS_STRING_CATALOGS = YES;
				MTL_ENABLE_DEBUG_INFO = NO;
				MTL_FAST_MATH = YES;
				SDKROOT = iphoneos;
				SWIFT_COMPILATION_MODE = wholemodule;
				VALIDATE_PRODUCT = YES;
			};
			name = Release;
		};
		F2069F5A2B3C57C700973656 /* Debug */ = {
			isa = XCBuildConfiguration;
			buildSettings = {
				ASSETCATALOG_COMPILER_APPICON_NAME = AppIcon;
				ASSETCATALOG_COMPILER_GLOBAL_ACCENT_COLOR_NAME = AccentColor;
				CODE_SIGN_STYLE = Automatic;
				CURRENT_PROJECT_VERSION = 1;
				GENERATE_INFOPLIST_FILE = YES;
				INFOPLIST_FILE = randomColors/Info.plist;
				INFOPLIST_KEY_UIApplicationSupportsIndirectInputEvents = YES;
				INFOPLIST_KEY_UILaunchStoryboardName = LaunchScreen;
				INFOPLIST_KEY_UIMainStoryboardFile = Main;
				INFOPLIST_KEY_UISupportedInterfaceOrientations_iPad = "UIInterfaceOrientationPortrait UIInterfaceOrientationPortraitUpsideDown UIInterfaceOrientationLandscapeLeft UIInterfaceOrientationLandscapeRight";
				INFOPLIST_KEY_UISupportedInterfaceOrientations_iPhone = "UIInterfaceOrientationPortrait UIInterfaceOrientationLandscapeLeft UIInterfaceOrientationLandscapeRight";
				LD_RUNPATH_SEARCH_PATHS = (
					"$(inherited)",
					"@executable_path/Frameworks",
				);
				MARKETING_VERSION = 1.0;
				PRODUCT_BUNDLE_IDENTIFIER = "hse-sucks.randomColors";
				PRODUCT_NAME = "$(TARGET_NAME)";
				SWIFT_EMIT_LOC_STRINGS = YES;
				SWIFT_VERSION = 5.0;
				TARGETED_DEVICE_FAMILY = "1,2";
			};
			name = Debug;
		};
		F2069F5B2B3C57C700973656 /* Release */ = {
			isa = XCBuildConfiguration;
			buildSettings = {
				ASSETCATALOG_COMPILER_APPICON_NAME = AppIcon;
				ASSETCATALOG_COMPILER_GLOBAL_ACCENT_COLOR_NAME = AccentColor;
				CODE_SIGN_STYLE = Automatic;
				CURRENT_PROJECT_VERSION = 1;
				GENERATE_INFOPLIST_FILE = YES;
				INFOPLIST_FILE = randomColors/Info.plist;
				INFOPLIST_KEY_UIApplicationSupportsIndirectInputEvents = YES;
				INFOPLIST_KEY_UILaunchStoryboardName = LaunchScreen;
				INFOPLIST_KEY_UIMainStoryboardFile = Main;
				INFOPLIST_KEY_UISupportedInterfaceOrientations_iPad = "UIInterfaceOrientationPortrait UIInterfaceOrientationPortraitUpsideDown UIInterfaceOrientationLandscapeLeft UIInterfaceOrientationLandscapeRight";
				INFOPLIST_KEY_UISupportedInterfaceOrientations_iPhone = "UIInterfaceOrientationPortrait UIInterfaceOrientationLandscapeLeft UIInterfaceOrientationLandscapeRight";
				LD_RUNPATH_SEARCH_PATHS = (
					"$(inherited)",
					"@executable_path/Frameworks",
				);
				MARKETING_VERSION = 1.0;
				PRODUCT_BUNDLE_IDENTIFIER = "hse-sucks.randomColors";
				PRODUCT_NAME = "$(TARGET_NAME)";
				SWIFT_EMIT_LOC_STRINGS = YES;
				SWIFT_VERSION = 5.0;
				TARGETED_DEVICE_FAMILY = "1,2";
			};
			name = Release;
		};
		F2069F5D2B3C57C700973656 /* Debug */ = {
			isa = XCBuildConfiguration;
			buildSettings = {
				ALWAYS_EMBED_SWIFT_STANDARD_LIBRARIES = YES;
				BUNDLE_LOADER = "$(TEST_HOST)";
				CODE_SIGN_STYLE = Automatic;
				CURRENT_PROJECT_VERSION = 1;
				GENERATE_INFOPLIST_FILE = YES;
				IPHONEOS_DEPLOYMENT_TARGET = 17.0;
				MARKETING_VERSION = 1.0;
				PRODUCT_BUNDLE_IDENTIFIER = "hse-sucks.randomColorsTests";
				PRODUCT_NAME = "$(TARGET_NAME)";
				SWIFT_EMIT_LOC_STRINGS = NO;
				SWIFT_VERSION = 5.0;
				TARGETED_DEVICE_FAMILY = "1,2";
				TEST_HOST = "$(BUILT_PRODUCTS_DIR)/randomColors.app/$(BUNDLE_EXECUTABLE_FOLDER_PATH)/randomColors";
			};
			name = Debug;
		};
		F2069F5E2B3C57C700973656 /* Release */ = {
			isa = XCBuildConfiguration;
			buildSettings = {
				ALWAYS_EMBED_SWIFT_STANDARD_LIBRARIES = YES;
				BUNDLE_LOADER = "$(TEST_HOST)";
				CODE_SIGN_STYLE = Automatic;
				CURRENT_PROJECT_VERSION = 1;
				GENERATE_INFOPLIST_FILE = YES;
				IPHONEOS_DEPLOYMENT_TARGET = 17.0;
				MARKETING_VERSION = 1.0;
				PRODUCT_BUNDLE_IDENTIFIER = "hse-sucks.randomColorsTests";
				PRODUCT_NAME = "$(TARGET_NAME)";
				SWIFT_EMIT_LOC_STRINGS = NO;
				SWIFT_VERSION = 5.0;
				TARGETED_DEVICE_FAMILY = "1,2";
				TEST_HOST = "$(BUILT_PRODUCTS_DIR)/randomColors.app/$(BUNDLE_EXECUTABLE_FOLDER_PATH)/randomColors";
			};
			name = Release;
		};
		F2069F602B3C57C700973656 /* Debug */ = {
			isa = XCBuildConfiguration;
			buildSettings = {
				ALWAYS_EMBED_SWIFT_STANDARD_LIBRARIES = YES;
				CODE_SIGN_STYLE = Automatic;
				CURRENT_PROJECT_VERSION = 1;
				GENERATE_INFOPLIST_FILE = YES;
				MARKETING_VERSION = 1.0;
				PRODUCT_BUNDLE_IDENTIFIER = "hse-sucks.randomColorsUITests";
				PRODUCT_NAME = "$(TARGET_NAME)";
				SWIFT_EMIT_LOC_STRINGS = NO;
				SWIFT_VERSION = 5.0;
				TARGETED_DEVICE_FAMILY = "1,2";
				TEST_TARGET_NAME = randomColors;
			};
			name = Debug;
		};
		F2069F612B3C57C700973656 /* Release */ = {
			isa = XCBuildConfiguration;
			buildSettings = {
				ALWAYS_EMBED_SWIFT_STANDARD_LIBRARIES = YES;
				CODE_SIGN_STYLE = Automatic;
				CURRENT_PROJECT_VERSION = 1;
				GENERATE_INFOPLIST_FILE = YES;
				MARKETING_VERSION = 1.0;
				PRODUCT_BUNDLE_IDENTIFIER = "hse-sucks.randomColorsUITests";
				PRODUCT_NAME = "$(TARGET_NAME)";
				SWIFT_EMIT_LOC_STRINGS = NO;
				SWIFT_VERSION = 5.0;
				TARGETED_DEVICE_FAMILY = "1,2";
				TEST_TARGET_NAME = randomColors;
			};
			name = Release;
		};
/* End XCBuildConfiguration section */

/* Begin XCConfigurationList section */
		F2069F2A2B3C57C500973656 /* Build configuration list for PBXProject "randomColors" */ = {
			isa = XCConfigurationList;
			buildConfigurations = (
				F2069F572B3C57C700973656 /* Debug */,
				F2069F582B3C57C700973656 /* Release */,
			);
			defaultConfigurationIsVisible = 0;
			defaultConfigurationName = Release;
		};
		F2069F592B3C57C700973656 /* Build configuration list for PBXNativeTarget "randomColors" */ = {
			isa = XCConfigurationList;
			buildConfigurations = (
				F2069F5A2B3C57C700973656 /* Debug */,
				F2069F5B2B3C57C700973656 /* Release */,
			);
			defaultConfigurationIsVisible = 0;
			defaultConfigurationName = Release;
		};
		F2069F5C2B3C57C700973656 /* Build configuration list for PBXNativeTarget "randomColorsTests" */ = {
			isa = XCConfigurationList;
			buildConfigurations = (
				F2069F5D2B3C57C700973656 /* Debug */,
				F2069F5E2B3C57C700973656 /* Release */,
			);
			defaultConfigurationIsVisible = 0;
			defaultConfigurationName = Release;
		};
		F2069F5F2B3C57C700973656 /* Build configuration list for PBXNativeTarget "randomColorsUITests" */ = {
			isa = XCConfigurationList;
			buildConfigurations = (
				F2069F602B3C57C700973656 /* Debug */,
				F2069F612B3C57C700973656 /* Release */,
			);
			defaultConfigurationIsVisible = 0;
			defaultConfigurationName = Release;
		};
/* End XCConfigurationList section */
	};
	rootObject = F2069F272B3C57C500973656 /* Project object */;
}
